
Microsoft Visual Studio Solution File, Format Version 12.00
# Visual Studio Version 17
VisualStudioVersion = 17.4.33403.182
MinimumVisualStudioVersion = 10.0.40219.1
Project("{FAE04EC0-301F-11D3-BF4B-00C04F79EFBC}") = "API.ApplicationCore", "src\API.ApplicationCore\API.ApplicationCore.csproj", "{40583953-567E-41A7-BBED-9FB8EC17B883}"
EndProject
Project("{FAE04EC0-301F-11D3-BF4B-00C04F79EFBC}") = "API.Infrastructure", "src\API.Infrastructure\API.Infrastructure.csproj", "{8C278567-CB98-481E-9466-80F76A2AA5BB}"
EndProject
Project("{FAE04EC0-301F-11D3-BF4B-00C04F79EFBC}") = "API.WebApi", "src\API.WebApi\API.WebApi.csproj", "{1D591A9D-E73F-4104-90D7-C8BE70B54A0E}"
EndProject
Global
	GlobalSection(SolutionConfigurationPlatforms) = preSolution
		Debug|Any CPU = Debug|Any CPU
		Release|Any CPU = Release|Any CPU
	EndGlobalSection
	GlobalSection(ProjectConfigurationPlatforms) = postSolution
		{40583953-567E-41A7-BBED-9FB8EC17B883}.Debug|Any CPU.ActiveCfg = Debug|Any CPU
		{40583953-567E-41A7-BBED-9FB8EC17B883}.Debug|Any CPU.Build.0 = Debug|Any CPU
		{40583953-567E-41A7-BBED-9FB8EC17B883}.Release|Any CPU.ActiveCfg = Release|Any CPU
		{40583953-567E-41A7-BBED-9FB8EC17B883}.Release|Any CPU.Build.0 = Release|Any CPU
		{8C278567-CB98-481E-9466-80F76A2AA5BB}.Debug|Any CPU.ActiveCfg = Debug|Any CPU
		{8C278567-CB98-481E-9466-80F76A2AA5BB}.Debug|Any CPU.Build.0 = Debug|Any CPU
		{8C278567-CB98-481E-9466-80F76A2AA5BB}.Release|Any CPU.ActiveCfg = Release|Any CPU
		{8C278567-CB98-481E-9466-80F76A2AA5BB}.Release|Any CPU.Build.0 = Release|Any CPU
		{1D591A9D-E73F-4104-90D7-C8BE70B54A0E}.Debug|Any CPU.ActiveCfg = Debug|Any CPU
		{1D591A9D-E73F-4104-90D7-C8BE70B54A0E}.Debug|Any CPU.Build.0 = Debug|Any CPU
		{1D591A9D-E73F-4104-90D7-C8BE70B54A0E}.Release|Any CPU.ActiveCfg = Release|Any CPU
		{1D591A9D-E73F-4104-90D7-C8BE70B54A0E}.Release|Any CPU.Build.0 = Release|Any CPU
	EndGlobalSection
	GlobalSection(SolutionProperties) = preSolution
		HideSolutionNode = FALSE
	EndGlobalSection
	GlobalSection(ExtensibilityGlobals) = postSolution
		SolutionGuid = {5402E91B-4617-4160-A4D7-62DC1F50D4F6}
	EndGlobalSection
EndGlobal
